
Microsoft Visual Studio Solution File, Format Version 12.00
# Visual Studio Version 17
VisualStudioVersion = 17.10.34928.147
MinimumVisualStudioVersion = 10.0.40219.1
Project("{9A19103F-16F7-4668-BE54-9A1E7A4F7556}") = "BulkyWeb", "BulkyWeb\BulkyWeb.csproj", "{FE08F4B7-F7D8-43BA-A245-BBE76BB933F3}"
EndProject
Project("{FAE04EC0-301F-11D3-BF4B-00C04F79EFBC}") = "Bulky.DataAccess", "Bulky.DataAccess\Bulky.DataAccess.csproj", "{2EA8F883-C141-4EF0-B2BA-8CBE526E0018}"
EndProject
Project("{FAE04EC0-301F-11D3-BF4B-00C04F79EFBC}") = "Bulky.Models", "Bulky.Models\Bulky.Models.csproj", "{181B73DF-90DC-49C5-897F-63C1298BBFDB}"
EndProject
Project("{FAE04EC0-301F-11D3-BF4B-00C04F79EFBC}") = "Bulky.Utility", "Bulky.Utility\Bulky.Utility.csproj", "{84E8A462-3801-47B7-B60C-D8E470EC7977}"
EndProject
Global
	GlobalSection(SolutionConfigurationPlatforms) = preSolution
		Debug|Any CPU = Debug|Any CPU
		Release|Any CPU = Release|Any CPU
	EndGlobalSection
	GlobalSection(ProjectConfigurationPlatforms) = postSolution
		{FE08F4B7-F7D8-43BA-A245-BBE76BB933F3}.Debug|Any CPU.ActiveCfg = Debug|Any CPU
		{FE08F4B7-F7D8-43BA-A245-BBE76BB933F3}.Debug|Any CPU.Build.0 = Debug|Any CPU
		{FE08F4B7-F7D8-43BA-A245-BBE76BB933F3}.Release|Any CPU.ActiveCfg = Release|Any CPU
		{FE08F4B7-F7D8-43BA-A245-BBE76BB933F3}.Release|Any CPU.Build.0 = Release|Any CPU
		{2EA8F883-C141-4EF0-B2BA-8CBE526E0018}.Debug|Any CPU.ActiveCfg = Debug|Any CPU
		{2EA8F883-C141-4EF0-B2BA-8CBE526E0018}.Debug|Any CPU.Build.0 = Debug|Any CPU
		{2EA8F883-C141-4EF0-B2BA-8CBE526E0018}.Release|Any CPU.ActiveCfg = Release|Any CPU
		{2EA8F883-C141-4EF0-B2BA-8CBE526E0018}.Release|Any CPU.Build.0 = Release|Any CPU
		{181B73DF-90DC-49C5-897F-63C1298BBFDB}.Debug|Any CPU.ActiveCfg = Debug|Any CPU
		{181B73DF-90DC-49C5-897F-63C1298BBFDB}.Debug|Any CPU.Build.0 = Debug|Any CPU
		{181B73DF-90DC-49C5-897F-63C1298BBFDB}.Release|Any CPU.ActiveCfg = Release|Any CPU
		{181B73DF-90DC-49C5-897F-63C1298BBFDB}.Release|Any CPU.Build.0 = Release|Any CPU
		{84E8A462-3801-47B7-B60C-D8E470EC7977}.Debug|Any CPU.ActiveCfg = Debug|Any CPU
		{84E8A462-3801-47B7-B60C-D8E470EC7977}.Debug|Any CPU.Build.0 = Debug|Any CPU
		{84E8A462-3801-47B7-B60C-D8E470EC7977}.Release|Any CPU.ActiveCfg = Release|Any CPU
		{84E8A462-3801-47B7-B60C-D8E470EC7977}.Release|Any CPU.Build.0 = Release|Any CPU
	EndGlobalSection
	GlobalSection(SolutionProperties) = preSolution
		HideSolutionNode = FALSE
	EndGlobalSection
	GlobalSection(ExtensibilityGlobals) = postSolution
		SolutionGuid = {7A7DA884-0014-4D22-83D5-2F78196B2827}
	EndGlobalSection
EndGlobal
