
Microsoft Visual Studio Solution File, Format Version 12.00
# Visual Studio Version 17
VisualStudioVersion = 17.10.34928.147
MinimumVisualStudioVersion = 10.0.40219.1
Project("{9A19103F-16F7-4668-BE54-9A1E7A4F7556}") = "BulkyWeb", "BulkyWeb\BulkyWeb.csproj", "{FE08F4B7-F7D8-43BA-A245-BBE76BB933F3}"
EndProject
Project("{9A19103F-16F7-4668-BE54-9A1E7A4F7556}") = "BulkyWebRazor", "BulkyWebRazor\BulkyWebRazor.csproj", "{949B6AB3-7219-47DB-A44E-1AB776A5798F}"
EndProject
Global
	GlobalSection(SolutionConfigurationPlatforms) = preSolution
		Debug|Any CPU = Debug|Any CPU
		Release|Any CPU = Release|Any CPU
	EndGlobalSection
	GlobalSection(ProjectConfigurationPlatforms) = postSolution
		{FE08F4B7-F7D8-43BA-A245-BBE76BB933F3}.Debug|Any CPU.ActiveCfg = Debug|Any CPU
		{FE08F4B7-F7D8-43BA-A245-BBE76BB933F3}.Debug|Any CPU.Build.0 = Debug|Any CPU
		{FE08F4B7-F7D8-43BA-A245-BBE76BB933F3}.Release|Any CPU.ActiveCfg = Release|Any CPU
		{FE08F4B7-F7D8-43BA-A245-BBE76BB933F3}.Release|Any CPU.Build.0 = Release|Any CPU
		{949B6AB3-7219-47DB-A44E-1AB776A5798F}.Debug|Any CPU.ActiveCfg = Debug|Any CPU
		{949B6AB3-7219-47DB-A44E-1AB776A5798F}.Debug|Any CPU.Build.0 = Debug|Any CPU
		{949B6AB3-7219-47DB-A44E-1AB776A5798F}.Release|Any CPU.ActiveCfg = Release|Any CPU
		{949B6AB3-7219-47DB-A44E-1AB776A5798F}.Release|Any CPU.Build.0 = Release|Any CPU
	EndGlobalSection
	GlobalSection(SolutionProperties) = preSolution
		HideSolutionNode = FALSE
	EndGlobalSection
	GlobalSection(ExtensibilityGlobals) = postSolution
		SolutionGuid = {7A7DA884-0014-4D22-83D5-2F78196B2827}
	EndGlobalSection
EndGlobal
